
Microsoft Visual Studio Solution File, Format Version 12.00
# Visual Studio Version 16
VisualStudioVersion = 16.0.31410.357
MinimumVisualStudioVersion = 10.0.40219.1
Project("{FAE04EC0-301F-11D3-BF4B-00C04F79EFBC}") = "PetsLife-Authentication-API", "PetsLife-Authentication-API.csproj", "{8153FD85-4368-414C-BC94-87DBC631704A}"
EndProject
Project("{FAE04EC0-301F-11D3-BF4B-00C04F79EFBC}") = "Domain", "..\Domain\Domain.csproj", "{32AC14A5-4A14-4B30-90A9-B993975092A9}"
EndProject
Project("{FAE04EC0-301F-11D3-BF4B-00C04F79EFBC}") = "Application", "..\Application\Application.csproj", "{4F9BCAAA-BFE6-4F0C-BD24-E72ED4A7273B}"
EndProject
Project("{FAE04EC0-301F-11D3-BF4B-00C04F79EFBC}") = "AccessData", "..\AccessData\AccessData.csproj", "{45002926-4848-40F4-BB37-A958B437953A}"
EndProject
Project("{FAE04EC0-301F-11D3-BF4B-00C04F79EFBC}") = "Test", "..\Test\Test.csproj", "{D9DA717E-B89F-46C3-84F3-2295DB22B389}"
EndProject
Global
	GlobalSection(SolutionConfigurationPlatforms) = preSolution
		Debug|Any CPU = Debug|Any CPU
		Release|Any CPU = Release|Any CPU
	EndGlobalSection
	GlobalSection(ProjectConfigurationPlatforms) = postSolution
		{8153FD85-4368-414C-BC94-87DBC631704A}.Debug|Any CPU.ActiveCfg = Debug|Any CPU
		{8153FD85-4368-414C-BC94-87DBC631704A}.Debug|Any CPU.Build.0 = Debug|Any CPU
		{8153FD85-4368-414C-BC94-87DBC631704A}.Release|Any CPU.ActiveCfg = Release|Any CPU
		{8153FD85-4368-414C-BC94-87DBC631704A}.Release|Any CPU.Build.0 = Release|Any CPU
		{32AC14A5-4A14-4B30-90A9-B993975092A9}.Debug|Any CPU.ActiveCfg = Debug|Any CPU
		{32AC14A5-4A14-4B30-90A9-B993975092A9}.Debug|Any CPU.Build.0 = Debug|Any CPU
		{32AC14A5-4A14-4B30-90A9-B993975092A9}.Release|Any CPU.ActiveCfg = Release|Any CPU
		{32AC14A5-4A14-4B30-90A9-B993975092A9}.Release|Any CPU.Build.0 = Release|Any CPU
		{4F9BCAAA-BFE6-4F0C-BD24-E72ED4A7273B}.Debug|Any CPU.ActiveCfg = Debug|Any CPU
		{4F9BCAAA-BFE6-4F0C-BD24-E72ED4A7273B}.Debug|Any CPU.Build.0 = Debug|Any CPU
		{4F9BCAAA-BFE6-4F0C-BD24-E72ED4A7273B}.Release|Any CPU.ActiveCfg = Release|Any CPU
		{4F9BCAAA-BFE6-4F0C-BD24-E72ED4A7273B}.Release|Any CPU.Build.0 = Release|Any CPU
		{45002926-4848-40F4-BB37-A958B437953A}.Debug|Any CPU.ActiveCfg = Debug|Any CPU
		{45002926-4848-40F4-BB37-A958B437953A}.Debug|Any CPU.Build.0 = Debug|Any CPU
		{45002926-4848-40F4-BB37-A958B437953A}.Release|Any CPU.ActiveCfg = Release|Any CPU
		{45002926-4848-40F4-BB37-A958B437953A}.Release|Any CPU.Build.0 = Release|Any CPU
		{D9DA717E-B89F-46C3-84F3-2295DB22B389}.Debug|Any CPU.ActiveCfg = Debug|Any CPU
		{D9DA717E-B89F-46C3-84F3-2295DB22B389}.Debug|Any CPU.Build.0 = Debug|Any CPU
		{D9DA717E-B89F-46C3-84F3-2295DB22B389}.Release|Any CPU.ActiveCfg = Release|Any CPU
		{D9DA717E-B89F-46C3-84F3-2295DB22B389}.Release|Any CPU.Build.0 = Release|Any CPU
	EndGlobalSection
	GlobalSection(SolutionProperties) = preSolution
		HideSolutionNode = FALSE
	EndGlobalSection
	GlobalSection(ExtensibilityGlobals) = postSolution
		SolutionGuid = {53945A0C-3DFB-4476-ADE0-CD3F9AAB8A35}
	EndGlobalSection
EndGlobal
